
Microsoft Visual Studio Solution File, Format Version 12.00
# Visual Studio 14
VisualStudioVersion = 14.0.25420.1
MinimumVisualStudioVersion = 10.0.40219.1
Project("{FAE04EC0-301F-11D3-BF4B-00C04F79EFBC}") = "ToBlockChain.Api", "ToBlockChain.Api\ToBlockChain.Api.csproj", "{EE99F2CC-840D-406F-B0C8-2A83FEC04B57}"
EndProject
Project("{2150E333-8FDC-42A3-9474-1A3956D46DE8}") = "Presentation", "Presentation", "{3E6F7966-0AF9-4B70-8FD4-EDF2A181A4FA}"
EndProject
Project("{2150E333-8FDC-42A3-9474-1A3956D46DE8}") = "Infrastructure", "Infrastructure", "{B549EDD3-8D29-4E5E-B575-335F61DEB042}"
EndProject
Project("{FAE04EC0-301F-11D3-BF4B-00C04F79EFBC}") = "ToBlockChain.Configuration", "ToBlockChain.Configuration\ToBlockChain.Configuration.csproj", "{08F36056-FE76-494F-B9E6-A8EF4B8E928C}"
EndProject
Project("{2150E333-8FDC-42A3-9474-1A3956D46DE8}") = "Business", "Business", "{C50A3772-EF0D-46A2-86D0-79E47D359AEF}"
EndProject
Project("{FAE04EC0-301F-11D3-BF4B-00C04F79EFBC}") = "ToBlockChain.Entities", "ToBlockChain.Entities\ToBlockChain.Entities.csproj", "{185D72C7-B7F5-4EB5-B76D-89AD2C253E13}"
EndProject
Project("{FAE04EC0-301F-11D3-BF4B-00C04F79EFBC}") = "ToBlockChain.Logging", "ToBlockChain.Logging\ToBlockChain.Logging.csproj", "{F1002FE4-9150-4526-912D-E7E489655C8A}"
EndProject
Project("{2150E333-8FDC-42A3-9474-1A3956D46DE8}") = "Tests", "Tests", "{67DA518C-03A8-408D-B26D-4D4EBFD92CCB}"
EndProject
Project("{FAE04EC0-301F-11D3-BF4B-00C04F79EFBC}") = "ToBlockChain.Api.Tests", "ToBlockChain.Api.Tests\ToBlockChain.Api.Tests.csproj", "{55F13BFB-4C7D-42B8-A390-0AD59C230375}"
EndProject
Project("{FAE04EC0-301F-11D3-BF4B-00C04F79EFBC}") = "ToBlockChain.Services", "ToBlockChain.Services\ToBlockChain.Services.csproj", "{A5AA4FF6-8698-49FE-B469-3CF91D869B74}"
EndProject
Global
	GlobalSection(SolutionConfigurationPlatforms) = preSolution
		Debug|Any CPU = Debug|Any CPU
		Release|Any CPU = Release|Any CPU
	EndGlobalSection
	GlobalSection(ProjectConfigurationPlatforms) = postSolution
		{EE99F2CC-840D-406F-B0C8-2A83FEC04B57}.Debug|Any CPU.ActiveCfg = Debug|Any CPU
		{EE99F2CC-840D-406F-B0C8-2A83FEC04B57}.Debug|Any CPU.Build.0 = Debug|Any CPU
		{EE99F2CC-840D-406F-B0C8-2A83FEC04B57}.Release|Any CPU.ActiveCfg = Release|Any CPU
		{EE99F2CC-840D-406F-B0C8-2A83FEC04B57}.Release|Any CPU.Build.0 = Release|Any CPU
		{08F36056-FE76-494F-B9E6-A8EF4B8E928C}.Debug|Any CPU.ActiveCfg = Debug|Any CPU
		{08F36056-FE76-494F-B9E6-A8EF4B8E928C}.Debug|Any CPU.Build.0 = Debug|Any CPU
		{08F36056-FE76-494F-B9E6-A8EF4B8E928C}.Release|Any CPU.ActiveCfg = Release|Any CPU
		{08F36056-FE76-494F-B9E6-A8EF4B8E928C}.Release|Any CPU.Build.0 = Release|Any CPU
		{185D72C7-B7F5-4EB5-B76D-89AD2C253E13}.Debug|Any CPU.ActiveCfg = Debug|Any CPU
		{185D72C7-B7F5-4EB5-B76D-89AD2C253E13}.Debug|Any CPU.Build.0 = Debug|Any CPU
		{185D72C7-B7F5-4EB5-B76D-89AD2C253E13}.Release|Any CPU.ActiveCfg = Release|Any CPU
		{185D72C7-B7F5-4EB5-B76D-89AD2C253E13}.Release|Any CPU.Build.0 = Release|Any CPU
		{F1002FE4-9150-4526-912D-E7E489655C8A}.Debug|Any CPU.ActiveCfg = Debug|Any CPU
		{F1002FE4-9150-4526-912D-E7E489655C8A}.Debug|Any CPU.Build.0 = Debug|Any CPU
		{F1002FE4-9150-4526-912D-E7E489655C8A}.Release|Any CPU.ActiveCfg = Release|Any CPU
		{F1002FE4-9150-4526-912D-E7E489655C8A}.Release|Any CPU.Build.0 = Release|Any CPU
		{55F13BFB-4C7D-42B8-A390-0AD59C230375}.Debug|Any CPU.ActiveCfg = Debug|Any CPU
		{55F13BFB-4C7D-42B8-A390-0AD59C230375}.Debug|Any CPU.Build.0 = Debug|Any CPU
		{55F13BFB-4C7D-42B8-A390-0AD59C230375}.Release|Any CPU.ActiveCfg = Release|Any CPU
		{55F13BFB-4C7D-42B8-A390-0AD59C230375}.Release|Any CPU.Build.0 = Release|Any CPU
		{A5AA4FF6-8698-49FE-B469-3CF91D869B74}.Debug|Any CPU.ActiveCfg = Debug|Any CPU
		{A5AA4FF6-8698-49FE-B469-3CF91D869B74}.Debug|Any CPU.Build.0 = Debug|Any CPU
		{A5AA4FF6-8698-49FE-B469-3CF91D869B74}.Release|Any CPU.ActiveCfg = Release|Any CPU
		{A5AA4FF6-8698-49FE-B469-3CF91D869B74}.Release|Any CPU.Build.0 = Release|Any CPU
	EndGlobalSection
	GlobalSection(SolutionProperties) = preSolution
		HideSolutionNode = FALSE
	EndGlobalSection
	GlobalSection(NestedProjects) = preSolution
		{EE99F2CC-840D-406F-B0C8-2A83FEC04B57} = {3E6F7966-0AF9-4B70-8FD4-EDF2A181A4FA}
		{08F36056-FE76-494F-B9E6-A8EF4B8E928C} = {B549EDD3-8D29-4E5E-B575-335F61DEB042}
		{185D72C7-B7F5-4EB5-B76D-89AD2C253E13} = {C50A3772-EF0D-46A2-86D0-79E47D359AEF}
		{F1002FE4-9150-4526-912D-E7E489655C8A} = {B549EDD3-8D29-4E5E-B575-335F61DEB042}
		{55F13BFB-4C7D-42B8-A390-0AD59C230375} = {67DA518C-03A8-408D-B26D-4D4EBFD92CCB}
		{A5AA4FF6-8698-49FE-B469-3CF91D869B74} = {C50A3772-EF0D-46A2-86D0-79E47D359AEF}
	EndGlobalSection
EndGlobal
